// !$*UTF8*$!
{
	archiveVersion = 1;
	classes = {
	};
	objectVersion = 77;
	objects = {

/* Begin PBXBuildFile section */
		07E6340924CAAA98D16179C7 /* Foundation.framework in Frameworks */ = {isa = PBXBuildFile; fileRef = 46851A2E07B18408855BF56A /* Foundation.framework */; };
		906395BDB7486EF5FB6EBFD5 /* Foundation.framework in Frameworks */ = {isa = PBXBuildFile; fileRef = 46851A2E07B18408855BF56A /* Foundation.framework */; };
		DEC630EDC9D1B0626868AA5F /* AppleVisShareExtension.appex in Embed Foundation Extensions */ = {isa = PBXBuildFile; fileRef = 349D7F728302C4405C947D9E /* AppleVisShareExtension.appex */; settings = {ATTRIBUTES = (RemoveHeadersOnCopy, ); }; };
/* End PBXBuildFile section */

/* Begin PBXContainerItemProxy section */
		85D1BF0D568A3226C5FB18F1 /* PBXContainerItemProxy */ = {
			isa = PBXContainerItemProxy;
			containerPortal = E92FCDBE30085E49006E2C72 /* Project object */;
			proxyType = 1;
			remoteGlobalIDString = 5DEB814E8E8E1F7621740F4A;
			remoteInfo = AppleVisShareExtension;
		};
		9FF1F4B3E042D4CD937F90D1 /* PBXContainerItemProxy */ = {
			isa = PBXContainerItemProxy;
			containerPortal = E92FCDBE30085E49006E2C72 /* Project object */;
			proxyType = 1;
			remoteGlobalIDString = E92FCDC530085E49006E2C72;
			remoteInfo = AppleVis;
		};
		D51922A28D1BECBDFB344491 /* PBXContainerItemProxy */ = {
			isa = PBXContainerItemProxy;
			containerPortal = E92FCDBE30085E49006E2C72 /* Project object */;
			proxyType = 1;
			remoteGlobalIDString = E92FCDC530085E49006E2C72;
			remoteInfo = AppleVis;
		};
/* End PBXContainerItemProxy section */

/* Begin PBXCopyFilesBuildPhase section */
		E257CE720A081D57ABD577E4 /* Embed Foundation Extensions */ = {
			isa = PBXCopyFilesBuildPhase;
			buildActionMask = 2147483647;
			dstPath = "";
			dstSubfolderSpec = 13;
			files = (
				DEC630EDC9D1B0626868AA5F /* AppleVisShareExtension.appex in Embed Foundation Extensions */,
			);
			name = "Embed Foundation Extensions";
			runOnlyForDeploymentPostprocessing = 0;
		};
/* End PBXCopyFilesBuildPhase section */

/* Begin PBXFileReference section */
		349D7F728302C4405C947D9E /* AppleVisShareExtension.appex */ = {isa = PBXFileReference; explicitFileType = "wrapper.app-extension"; includeInIndex = 0; path = AppleVisShareExtension.appex; sourceTree = BUILT_PRODUCTS_DIR; };
		46851A2E07B18408855BF56A /* Foundation.framework */ = {isa = PBXFileReference; lastKnownFileType = wrapper.framework; name = Foundation.framework; path = Platforms/iPhoneOS.platform/Developer/SDKs/iPhoneOS26.0.sdk/System/Library/Frameworks/Foundation.framework; sourceTree = DEVELOPER_DIR; };
		4D4A25F764097BE700D35F23 /* AppleVisShareExtension.entitlements */ = {isa = PBXFileReference; lastKnownFileType = text.plist.entitlements; path = AppleVisShareExtension.entitlements; sourceTree = "<group>"; };
		9B70515002325C021087C8D7 /* AppleVisShareExtension-Info.plist */ = {isa = PBXFileReference; lastKnownFileType = text.plist.xml; path = "AppleVisShareExtension-Info.plist"; sourceTree = "<group>"; };
		B26FCC675D17E003BD8CCAC5 /* AppleVisTests.xctest */ = {isa = PBXFileReference; explicitFileType = wrapper.cfbundle; includeInIndex = 0; path = AppleVisTests.xctest; sourceTree = BUILT_PRODUCTS_DIR; };
		CB75C66141A2E20E2FD0D1BA /* AppleVisUITests.xctest */ = {isa = PBXFileReference; explicitFileType = wrapper.cfbundle; includeInIndex = 0; path = AppleVisUITests.xctest; sourceTree = BUILT_PRODUCTS_DIR; };
		E92FCDC630085E49006E2C72 /* AppleVis.app */ = {isa = PBXFileReference; explicitFileType = wrapper.application; includeInIndex = 0; path = AppleVis.app; sourceTree = BUILT_PRODUCTS_DIR; };
/* End PBXFileReference section */

/* Begin PBXFileSystemSynchronizedRootGroup section */
		4BF629389B6F2B489F6526E9 /* AppleVisUITests */ = {
			isa = PBXFileSystemSynchronizedRootGroup;
			path = AppleVisUITests;
			sourceTree = "<group>";
		};
		8633CF56CD4251223944B6E7 /* AppleVisTests */ = {
			isa = PBXFileSystemSynchronizedRootGroup;
			path = AppleVisTests;
			sourceTree = "<group>";
		};
		B7D19609EAB36B32278CD870 /* AppleVisShareExtension */ = {
			isa = PBXFileSystemSynchronizedRootGroup;
			path = AppleVisShareExtension;
			sourceTree = "<group>";
		};
		E92FCDC830085E49006E2C72 /* AppleVis */ = {
			isa = PBXFileSystemSynchronizedRootGroup;
			path = AppleVis;
			sourceTree = "<group>";
		};
/* End PBXFileSystemSynchronizedRootGroup section */

/* Begin PBXFrameworksBuildPhase section */
		601322440928DCBB324AD8AB /* Frameworks */ = {
			isa = PBXFrameworksBuildPhase;
			buildActionMask = 2147483647;
			files = (
				07E6340924CAAA98D16179C7 /* Foundation.framework in Frameworks */,
			);
			runOnlyForDeploymentPostprocessing = 0;
		};
		CDFAF6403E14AF6D76A36AD6 /* Frameworks */ = {
			isa = PBXFrameworksBuildPhase;
			buildActionMask = 2147483647;
			files = (
				906395BDB7486EF5FB6EBFD5 /* Foundation.framework in Frameworks */,
			);
			runOnlyForDeploymentPostprocessing = 0;
		};
		E92FCDC330085E49006E2C72 /* Frameworks */ = {
			isa = PBXFrameworksBuildPhase;
			buildActionMask = 2147483647;
			files = (
			);
			runOnlyForDeploymentPostprocessing = 0;
		};
		EC8644CE2B2D86F0378AF70D /* Frameworks */ = {
			isa = PBXFrameworksBuildPhase;
			buildActionMask = 2147483647;
			files = (
			);
			runOnlyForDeploymentPostprocessing = 0;
		};
/* End PBXFrameworksBuildPhase section */

/* Begin PBXGroup section */
		804394F72FB4E17B80A53698 /* Frameworks */ = {
			isa = PBXGroup;
			children = (
				E97D6DA453D8F8C8255530E2 /* iOS */,
			);
			name = Frameworks;
			sourceTree = "<group>";
		};
		E92FCDBD30085E49006E2C72 = {
			isa = PBXGroup;
			children = (
				E92FCDC830085E49006E2C72 /* AppleVis */,
				B7D19609EAB36B32278CD870 /* AppleVisShareExtension */,
				9B70515002325C021087C8D7 /* AppleVisShareExtension-Info.plist */,
				4D4A25F764097BE700D35F23 /* AppleVisShareExtension.entitlements */,
				E92FCDC730085E49006E2C72 /* Products */,
				804394F72FB4E17B80A53698 /* Frameworks */,
				8633CF56CD4251223944B6E7 /* AppleVisTests */,
				4BF629389B6F2B489F6526E9 /* AppleVisUITests */,
			);
			sourceTree = "<group>";
		};
		E92FCDC730085E49006E2C72 /* Products */ = {
			isa = PBXGroup;
			children = (
				E92FCDC630085E49006E2C72 /* AppleVis.app */,
				349D7F728302C4405C947D9E /* AppleVisShareExtension.appex */,
				B26FCC675D17E003BD8CCAC5 /* AppleVisTests.xctest */,
				CB75C66141A2E20E2FD0D1BA /* AppleVisUITests.xctest */,
			);
			name = Products;
			sourceTree = "<group>";
		};
		E97D6DA453D8F8C8255530E2 /* iOS */ = {
			isa = PBXGroup;
			children = (
				46851A2E07B18408855BF56A /* Foundation.framework */,
			);
			name = iOS;
			sourceTree = "<group>";
		};
/* End PBXGroup section */

/* Begin PBXNativeTarget section */
		5DEB814E8E8E1F7621740F4A /* AppleVisShareExtension */ = {
			isa = PBXNativeTarget;
			buildConfigurationList = BFBFCAC965141C3E5D017852 /* Build configuration list for PBXNativeTarget "AppleVisShareExtension" */;
			buildPhases = (
				690829B3F726C6540F3426FC /* Sources */,
				EC8644CE2B2D86F0378AF70D /* Frameworks */,
				8A5BFBEF5D531811520A2F70 /* Resources */,
			);
			buildRules = (
			);
			dependencies = (
			);
			fileSystemSynchronizedGroups = (
				B7D19609EAB36B32278CD870 /* AppleVisShareExtension */,
			);
			name = AppleVisShareExtension;
			productName = AppleVisShareExtension;
			productReference = 349D7F728302C4405C947D9E /* AppleVisShareExtension.appex */;
			productType = "com.apple.product-type.app-extension";
		};
		7C4F3B568F8F133A444ECAC4 /* AppleVisTests */ = {
			isa = PBXNativeTarget;
			buildConfigurationList = 5740F919517D6B147220D854 /* Build configuration list for PBXNativeTarget "AppleVisTests" */;
			buildPhases = (
				D5B565B333723F4B32ADB1D4 /* Sources */,
				601322440928DCBB324AD8AB /* Frameworks */,
				0BDC90113E05AB2FDFF95B28 /* Resources */,
			);
			buildRules = (
			);
			dependencies = (
				ED4D9E89D8A6D9C07F88DDA3 /* PBXTargetDependency */,
			);
			fileSystemSynchronizedGroups = (
				8633CF56CD4251223944B6E7 /* AppleVisTests */,
			);
			name = AppleVisTests;
			productName = AppleVisTests;
			productReference = B26FCC675D17E003BD8CCAC5 /* AppleVisTests.xctest */;
			productType = "com.apple.product-type.bundle.unit-test";
		};
		E92FCDC530085E49006E2C72 /* AppleVis */ = {
			isa = PBXNativeTarget;
			buildConfigurationList = E92FCDD130085E4A006E2C72 /* Build configuration list for PBXNativeTarget "AppleVis" */;
			buildPhases = (
				E92FCDC230085E49006E2C72 /* Sources */,
				E92FCDC330085E49006E2C72 /* Frameworks */,
				E92FCDC430085E49006E2C72 /* Resources */,
				E257CE720A081D57ABD577E4 /* Embed Foundation Extensions */,
			);
			buildRules = (
			);
			dependencies = (
				EF0642480C06E4DBFC4B8BCB /* PBXTargetDependency */,
			);
			fileSystemSynchronizedGroups = (
				E92FCDC830085E49006E2C72 /* AppleVis */,
			);
			name = AppleVis;
			productName = AppleVis;
			productReference = E92FCDC630085E49006E2C72 /* AppleVis.app */;
			productType = "com.apple.product-type.application";
		};
		F734A5A428E113C79DDBE5B7 /* AppleVisUITests */ = {
			isa = PBXNativeTarget;
			buildConfigurationList = 141812D594A6F4BAE8A33A95 /* Build configuration list for PBXNativeTarget "AppleVisUITests" */;
			buildPhases = (
				0C2F79F380C399627ABA3DC0 /* Sources */,
				CDFAF6403E14AF6D76A36AD6 /* Frameworks */,
				CB43A74D02F716467463662B /* Resources */,
			);
			buildRules = (
			);
			dependencies = (
				658380136E41416048393A14 /* PBXTargetDependency */,
			);
			fileSystemSynchronizedGroups = (
				4BF629389B6F2B489F6526E9 /* AppleVisUITests */,
			);
			name = AppleVisUITests;
			productName = AppleVisUITests;
			productReference = CB75C66141A2E20E2FD0D1BA /* AppleVisUITests.xctest */;
			productType = "com.apple.product-type.bundle.ui-testing";
		};
/* End PBXNativeTarget section */

/* Begin PBXProject section */
		E92FCDBE30085E49006E2C72 /* Project object */ = {
			isa = PBXProject;
			attributes = {
				BuildIndependentTargetsInParallel = 1;
				LastSwiftUpdateCheck = 2660;
				LastUpgradeCheck = 2660;
				TargetAttributes = {
					5DEB814E8E8E1F7621740F4A = {
						CreatedOnToolsVersion = 26.6;
						SystemCapabilities = {
							com.apple.ApplicationGroups.iOS = {
								enabled = 1;
							};
						};
					};
					E92FCDC530085E49006E2C72 = {
						CreatedOnToolsVersion = 26.6;
						SystemCapabilities = {
							com.apple.ApplicationGroups.iOS = {
								enabled = 1;
							};
							com.apple.AssociatedDomains = {
								enabled = 1;
							};
							com.apple.Push = {
								enabled = 1;
							};
							com.apple.iCloud = {
								enabled = 1;
							};
						};
					};
				};
			};
			buildConfigurationList = E92FCDC130085E49006E2C72 /* Build configuration list for PBXProject "AppleVis" */;
			developmentRegion = en;
			hasScannedForEncodings = 0;
			knownRegions = (
				en,
				es,
				fr,
				de,
				pt,
				it,
				ja,
				ko,
				nl,
				"zh-Hans",
				ar,
				hi,
				fa,
				ru,
				tr,
				pl,
				sv,
				he,
				id,
				vi,
				uk,
				el,
				th,
				Base,
			);
			mainGroup = E92FCDBD30085E49006E2C72;
			minimizedProjectReferenceProxies = 1;
			preferredProjectObjectVersion = 77;
			productRefGroup = E92FCDC730085E49006E2C72 /* Products */;
			projectDirPath = "";
			projectRoot = "";
			targets = (
				E92FCDC530085E49006E2C72 /* AppleVis */,
				5DEB814E8E8E1F7621740F4A /* AppleVisShareExtension */,
				7C4F3B568F8F133A444ECAC4 /* AppleVisTests */,
				F734A5A428E113C79DDBE5B7 /* AppleVisUITests */,
			);
		};
/* End PBXProject section */

/* Begin PBXResourcesBuildPhase section */
		0BDC90113E05AB2FDFF95B28 /* Resources */ = {
			isa = PBXResourcesBuildPhase;
			buildActionMask = 2147483647;
			files = (
			);
			runOnlyForDeploymentPostprocessing = 0;
		};
		8A5BFBEF5D531811520A2F70 /* Resources */ = {
			isa = PBXResourcesBuildPhase;
			buildActionMask = 2147483647;
			files = (
			);
			runOnlyForDeploymentPostprocessing = 0;
		};
		CB43A74D02F716467463662B /* Resources */ = {
			isa = PBXResourcesBuildPhase;
			buildActionMask = 2147483647;
			files = (
			);
			runOnlyForDeploymentPostprocessing = 0;
		};
		E92FCDC430085E49006E2C72 /* Resources */ = {
			isa = PBXResourcesBuildPhase;
			buildActionMask = 2147483647;
			files = (
			);
			runOnlyForDeploymentPostprocessing = 0;
		};
/* End PBXResourcesBuildPhase section */

/* Begin PBXSourcesBuildPhase section */
		0C2F79F380C399627ABA3DC0 /* Sources */ = {
			isa = PBXSourcesBuildPhase;
			buildActionMask = 2147483647;
			files = (
			);
			runOnlyForDeploymentPostprocessing = 0;
		};
		690829B3F726C6540F3426FC /* Sources */ = {
			isa = PBXSourcesBuildPhase;
			buildActionMask = 2147483647;
			files = (
			);
			runOnlyForDeploymentPostprocessing = 0;
		};
		D5B565B333723F4B32ADB1D4 /* Sources */ = {
			isa = PBXSourcesBuildPhase;
			buildActionMask = 2147483647;
			files = (
			);
			runOnlyForDeploymentPostprocessing = 0;
		};
		E92FCDC230085E49006E2C72 /* Sources */ = {
			isa = PBXSourcesBuildPhase;
			buildActionMask = 2147483647;
			files = (
			);
			runOnlyForDeploymentPostprocessing = 0;
		};
/* End PBXSourcesBuildPhase section */

/* Begin PBXTargetDependency section */
		658380136E41416048393A14 /* PBXTargetDependency */ = {
			isa = PBXTargetDependency;
			name = AppleVis;
			target = E92FCDC530085E49006E2C72 /* AppleVis */;
			targetProxy = 9FF1F4B3E042D4CD937F90D1 /* PBXContainerItemProxy */;
		};
		ED4D9E89D8A6D9C07F88DDA3 /* PBXTargetDependency */ = {
			isa = PBXTargetDependency;
			name = AppleVis;
			target = E92FCDC530085E49006E2C72 /* AppleVis */;
			targetProxy = D51922A28D1BECBDFB344491 /* PBXContainerItemProxy */;
		};
		EF0642480C06E4DBFC4B8BCB /* PBXTargetDependency */ = {
			isa = PBXTargetDependency;
			target = 5DEB814E8E8E1F7621740F4A /* AppleVisShareExtension */;
			targetProxy = 85D1BF0D568A3226C5FB18F1 /* PBXContainerItemProxy */;
		};
/* End PBXTargetDependency section */

/* Begin XCBuildConfiguration section */
		0210651F8F21CFE95381B461 /* Release */ = {
			isa = XCBuildConfiguration;
			buildSettings = {
				BUNDLE_LOADER = "$(TEST_HOST)";
				CLANG_ENABLE_OBJC_WEAK = NO;
				CODE_SIGN_STYLE = Automatic;
				DEVELOPMENT_TEAM = 97YM8TUSX8;
				GENERATE_INFOPLIST_FILE = YES;
				IPHONEOS_DEPLOYMENT_TARGET = 17.0;
				PRODUCT_BUNDLE_IDENTIFIER = com.applevis.AppleVisTests;
				PRODUCT_NAME = "$(TARGET_NAME)";
				SDKROOT = iphoneos;
				SWIFT_APPROACHABLE_CONCURRENCY = YES;
				SWIFT_UPCOMING_FEATURE_MEMBER_IMPORT_VISIBILITY = YES;
				SWIFT_VERSION = 5.0;
				TARGETED_DEVICE_FAMILY = "1,2";
				TEST_HOST = "$(BUILT_PRODUCTS_DIR)/AppleVis.app/AppleVis";
				VALIDATE_PRODUCT = YES;
			};
			name = Release;
		};
		1B54EE61C81E744D98830F8D /* Debug */ = {
			isa = XCBuildConfiguration;
			buildSettings = {
				CODE_SIGN_ENTITLEMENTS = AppleVisShareExtension.entitlements;
				CODE_SIGN_STYLE = Automatic;
				CURRENT_PROJECT_VERSION = 15;
				DEVELOPMENT_TEAM = 97YM8TUSX8;
				GENERATE_INFOPLIST_FILE = NO;
				INFOPLIST_FILE = "AppleVisShareExtension-Info.plist";
				IPHONEOS_DEPLOYMENT_TARGET = 17.0;
				LD_RUNPATH_SEARCH_PATHS = (
					"$(inherited)",
					"@executable_path/Frameworks",
					"@executable_path/../../Frameworks",
				);
				MARKETING_VERSION = 2026.0.10;
				PRODUCT_BUNDLE_IDENTIFIER = com.applevis.AppleVisSwift.ShareExtension;
				PRODUCT_NAME = "$(TARGET_NAME)";
				SKIP_INSTALL = YES;
				SWIFT_ACTIVE_COMPILATION_CONDITIONS = "DEBUG $(inherited)";
				SWIFT_EMIT_LOC_STRINGS = YES;
				SWIFT_OPTIMIZATION_LEVEL = "-Onone";
				SWIFT_VERSION = 5.0;
				TARGETED_DEVICE_FAMILY = "1,2";
			};
			name = Debug;
		};
		292DAE86F10CADE6480899DD /* Release */ = {
			isa = XCBuildConfiguration;
			buildSettings = {
				CLANG_ENABLE_OBJC_WEAK = NO;
				CODE_SIGN_STYLE = Automatic;
				DEVELOPMENT_TEAM = 97YM8TUSX8;
				GENERATE_INFOPLIST_FILE = YES;
				IPHONEOS_DEPLOYMENT_TARGET = 17.0;
				PRODUCT_BUNDLE_IDENTIFIER = com.applevis.AppleVisUITests;
				PRODUCT_NAME = "$(TARGET_NAME)";
				SDKROOT = iphoneos;
				SWIFT_APPROACHABLE_CONCURRENCY = YES;
				SWIFT_UPCOMING_FEATURE_MEMBER_IMPORT_VISIBILITY = YES;
				SWIFT_VERSION = 5.0;
				TARGETED_DEVICE_FAMILY = "1,2";
				TEST_TARGET_NAME = AppleVis;
				VALIDATE_PRODUCT = YES;
			};
			name = Release;
		};
		4B8338396E2EC150A63D09CE /* Debug */ = {
			isa = XCBuildConfiguration;
			buildSettings = {
				CLANG_ENABLE_OBJC_WEAK = NO;
				CODE_SIGN_STYLE = Automatic;
				DEVELOPMENT_TEAM = 97YM8TUSX8;
				GENERATE_INFOPLIST_FILE = YES;
				IPHONEOS_DEPLOYMENT_TARGET = 17.0;
				PRODUCT_BUNDLE_IDENTIFIER = com.applevis.AppleVisUITests;
				PRODUCT_NAME = "$(TARGET_NAME)";
				SDKROOT = iphoneos;
				SWIFT_APPROACHABLE_CONCURRENCY = YES;
				SWIFT_UPCOMING_FEATURE_MEMBER_IMPORT_VISIBILITY = YES;
				SWIFT_VERSION = 5.0;
				TARGETED_DEVICE_FAMILY = "1,2";
				TEST_TARGET_NAME = AppleVis;
			};
			name = Debug;
		};
		B00CF6D346331F0C751D45FB /* Debug */ = {
			isa = XCBuildConfiguration;
			buildSettings = {
				BUNDLE_LOADER = "$(TEST_HOST)";
				CLANG_ENABLE_OBJC_WEAK = NO;
				CODE_SIGN_STYLE = Automatic;
				DEVELOPMENT_TEAM = 97YM8TUSX8;
				GENERATE_INFOPLIST_FILE = YES;
				IPHONEOS_DEPLOYMENT_TARGET = 17.0;
				PRODUCT_BUNDLE_IDENTIFIER = com.applevis.AppleVisTests;
				PRODUCT_NAME = "$(TARGET_NAME)";
				SDKROOT = iphoneos;
				SWIFT_APPROACHABLE_CONCURRENCY = YES;
				SWIFT_UPCOMING_FEATURE_MEMBER_IMPORT_VISIBILITY = YES;
				SWIFT_VERSION = 5.0;
				TARGETED_DEVICE_FAMILY = "1,2";
				TEST_HOST = "$(BUILT_PRODUCTS_DIR)/AppleVis.app/AppleVis";
			};
			name = Debug;
		};
		DA0B826AE47704E64611BC73 /* Release */ = {
			isa = XCBuildConfiguration;
			buildSettings = {
				CODE_SIGN_ENTITLEMENTS = AppleVisShareExtension.entitlements;
				CODE_SIGN_STYLE = Automatic;
				CURRENT_PROJECT_VERSION = 15;
				DEVELOPMENT_TEAM = 97YM8TUSX8;
				GENERATE_INFOPLIST_FILE = NO;
				INFOPLIST_FILE = "AppleVisShareExtension-Info.plist";
				IPHONEOS_DEPLOYMENT_TARGET = 17.0;
				LD_RUNPATH_SEARCH_PATHS = (
					"$(inherited)",
					"@executable_path/Frameworks",
					"@executable_path/../../Frameworks",
				);
				MARKETING_VERSION = 2026.0.10;
				PRODUCT_BUNDLE_IDENTIFIER = com.applevis.AppleVisSwift.ShareExtension;
				PRODUCT_NAME = "$(TARGET_NAME)";
				SKIP_INSTALL = YES;
				SWIFT_EMIT_LOC_STRINGS = YES;
				SWIFT_VERSION = 5.0;
				TARGETED_DEVICE_FAMILY = "1,2";
			};
			name = Release;
		};
		E92FCDCF30085E4A006E2C72 /* Debug */ = {
			isa = XCBuildConfiguration;
			buildSettings = {
				ALWAYS_SEARCH_USER_PATHS = NO;
				ASSETCATALOG_COMPILER_GENERATE_SWIFT_ASSET_SYMBOL_EXTENSIONS = YES;
				CLANG_ANALYZER_NONNULL = YES;
				CLANG_ANALYZER_NUMBER_OBJECT_CONVERSION = YES_AGGRESSIVE;
				CLANG_CXX_LANGUAGE_STANDARD = "gnu++20";
				CLANG_ENABLE_MODULES = YES;
				CLANG_ENABLE_OBJC_ARC = YES;
				CLANG_ENABLE_OBJC_WEAK = YES;
				CLANG_WARN_BLOCK_CAPTURE_AUTORELEASING = YES;
				CLANG_WARN_BOOL_CONVERSION = YES;
				CLANG_WARN_COMMA = YES;
				CLANG_WARN_CONSTANT_CONVERSION = YES;
				CLANG_WARN_DEPRECATED_OBJC_IMPLEMENTATIONS = YES;
				CLANG_WARN_DIRECT_OBJC_ISA_USAGE = YES_ERROR;
				CLANG_WARN_DOCUMENTATION_COMMENTS = YES;
				CLANG_WARN_EMPTY_BODY = YES;
				CLANG_WARN_ENUM_CONVERSION = YES;
				CLANG_WARN_INFINITE_RECURSION = YES;
				CLANG_WARN_INT_CONVERSION = YES;
				CLANG_WARN_NON_LITERAL_NULL_CONVERSION = YES;
				CLANG_WARN_OBJC_IMPLICIT_RETAIN_SELF = YES;
				CLANG_WARN_OBJC_LITERAL_CONVERSION = YES;
				CLANG_WARN_OBJC_ROOT_CLASS = YES_ERROR;
				CLANG_WARN_QUOTED_INCLUDE_IN_FRAMEWORK_HEADER = YES;
				CLANG_WARN_RANGE_LOOP_ANALYSIS = YES;
				CLANG_WARN_STRICT_PROTOTYPES = YES;
				CLANG_WARN_SUSPICIOUS_MOVE = YES;
				CLANG_WARN_UNGUARDED_AVAILABILITY = YES_AGGRESSIVE;
				CLANG_WARN_UNREACHABLE_CODE = YES;
				CLANG_WARN__DUPLICATE_METHOD_MATCH = YES;
				COPY_PHASE_STRIP = NO;
				DEBUG_INFORMATION_FORMAT = dwarf;
				DEVELOPMENT_TEAM = 97YM8TUSX8;
				ENABLE_STRICT_OBJC_MSGSEND = YES;
				ENABLE_TESTABILITY = YES;
				ENABLE_USER_SCRIPT_SANDBOXING = YES;
				GCC_C_LANGUAGE_STANDARD = gnu17;
				GCC_DYNAMIC_NO_PIC = NO;
				GCC_NO_COMMON_BLOCKS = YES;
				GCC_OPTIMIZATION_LEVEL = 0;
				GCC_PREPROCESSOR_DEFINITIONS = (
					"DEBUG=1",
					"$(inherited)",
				);
				GCC_WARN_64_TO_32_BIT_CONVERSION = YES;
				GCC_WARN_ABOUT_RETURN_TYPE = YES_ERROR;
				GCC_WARN_UNDECLARED_SELECTOR = YES;
				GCC_WARN_UNINITIALIZED_AUTOS = YES_AGGRESSIVE;
				GCC_WARN_UNUSED_FUNCTION = YES;
				GCC_WARN_UNUSED_VARIABLE = YES;
				IPHONEOS_DEPLOYMENT_TARGET = 17.0;
				LOCALIZATION_PREFERS_STRING_CATALOGS = YES;
				MTL_ENABLE_DEBUG_INFO = INCLUDE_SOURCE;
				MTL_FAST_MATH = YES;
				ONLY_ACTIVE_ARCH = YES;
				SDKROOT = iphoneos;
				SWIFT_ACTIVE_COMPILATION_CONDITIONS = "DEBUG $(inherited)";
				SWIFT_OPTIMIZATION_LEVEL = "-Onone";
			};
			name = Debug;
		};
		E92FCDD030085E4A006E2C72 /* Release */ = {
			isa = XCBuildConfiguration;
			buildSettings = {
				ALWAYS_SEARCH_USER_PATHS = NO;
				ASSETCATALOG_COMPILER_GENERATE_SWIFT_ASSET_SYMBOL_EXTENSIONS = YES;
				CLANG_ANALYZER_NONNULL = YES;
				CLANG_ANALYZER_NUMBER_OBJECT_CONVERSION = YES_AGGRESSIVE;
				CLANG_CXX_LANGUAGE_STANDARD = "gnu++20";
				CLANG_ENABLE_MODULES = YES;
				CLANG_ENABLE_OBJC_ARC = YES;
				CLANG_ENABLE_OBJC_WEAK = YES;
				CLANG_WARN_BLOCK_CAPTURE_AUTORELEASING = YES;
				CLANG_WARN_BOOL_CONVERSION = YES;
				CLANG_WARN_COMMA = YES;
				CLANG_WARN_CONSTANT_CONVERSION = YES;
				CLANG_WARN_DEPRECATED_OBJC_IMPLEMENTATIONS = YES;
				CLANG_WARN_DIRECT_OBJC_ISA_USAGE = YES_ERROR;
				CLANG_WARN_DOCUMENTATION_COMMENTS = YES;
				CLANG_WARN_EMPTY_BODY = YES;
				CLANG_WARN_ENUM_CONVERSION = YES;
				CLANG_WARN_INFINITE_RECURSION = YES;
				CLANG_WARN_INT_CONVERSION = YES;
				CLANG_WARN_NON_LITERAL_NULL_CONVERSION = YES;
				CLANG_WARN_OBJC_IMPLICIT_RETAIN_SELF = YES;
				CLANG_WARN_OBJC_LITERAL_CONVERSION = YES;
				CLANG_WARN_OBJC_ROOT_CLASS = YES_ERROR;
				CLANG_WARN_QUOTED_INCLUDE_IN_FRAMEWORK_HEADER = YES;
				CLANG_WARN_RANGE_LOOP_ANALYSIS = YES;
				CLANG_WARN_STRICT_PROTOTYPES = YES;
				CLANG_WARN_SUSPICIOUS_MOVE = YES;
				CLANG_WARN_UNGUARDED_AVAILABILITY = YES_AGGRESSIVE;
				CLANG_WARN_UNREACHABLE_CODE = YES;
				CLANG_WARN__DUPLICATE_METHOD_MATCH = YES;
				COPY_PHASE_STRIP = NO;
				DEBUG_INFORMATION_FORMAT = "dwarf-with-dsym";
				DEVELOPMENT_TEAM = 97YM8TUSX8;
				ENABLE_NS_ASSERTIONS = NO;
				ENABLE_STRICT_OBJC_MSGSEND = YES;
				ENABLE_USER_SCRIPT_SANDBOXING = YES;
				GCC_C_LANGUAGE_STANDARD = gnu17;
				GCC_NO_COMMON_BLOCKS = YES;
				GCC_WARN_64_TO_32_BIT_CONVERSION = YES;
				GCC_WARN_ABOUT_RETURN_TYPE = YES_ERROR;
				GCC_WARN_UNDECLARED_SELECTOR = YES;
				GCC_WARN_UNINITIALIZED_AUTOS = YES_AGGRESSIVE;
				GCC_WARN_UNUSED_FUNCTION = YES;
				GCC_WARN_UNUSED_VARIABLE = YES;
				IPHONEOS_DEPLOYMENT_TARGET = 17.0;
				LOCALIZATION_PREFERS_STRING_CATALOGS = YES;
				MTL_ENABLE_DEBUG_INFO = NO;
				MTL_FAST_MATH = YES;
				SDKROOT = iphoneos;
				SWIFT_COMPILATION_MODE = wholemodule;
				VALIDATE_PRODUCT = YES;
			};
			name = Release;
		};
		E92FCDD230085E4A006E2C72 /* Debug */ = {
			isa = XCBuildConfiguration;
			buildSettings = {
				ASSETCATALOG_COMPILER_APPICON_NAME = AppIcon;
				ASSETCATALOG_COMPILER_GLOBAL_ACCENT_COLOR_NAME = AccentColor;
				CODE_SIGN_ENTITLEMENTS = AppleVis.entitlements;
				CODE_SIGN_STYLE = Automatic;
				CURRENT_PROJECT_VERSION = 15;
				DEVELOPMENT_TEAM = 97YM8TUSX8;
				ENABLE_PREVIEWS = YES;
				GENERATE_INFOPLIST_FILE = YES;
				INFOPLIST_FILE = "AppleVis-Info.plist";
				INFOPLIST_KEY_CFBundleDisplayName = AppleVis;
				INFOPLIST_KEY_UIApplicationSceneManifest_Generation = YES;
				INFOPLIST_KEY_UIApplicationSupportsIndirectInputEvents = YES;
				INFOPLIST_KEY_UILaunchScreen_Generation = YES;
				INFOPLIST_KEY_UISupportedInterfaceOrientations_iPad = "UIInterfaceOrientationPortrait UIInterfaceOrientationPortraitUpsideDown UIInterfaceOrientationLandscapeLeft UIInterfaceOrientationLandscapeRight";
				INFOPLIST_KEY_UISupportedInterfaceOrientations_iPhone = "UIInterfaceOrientationPortrait UIInterfaceOrientationLandscapeLeft UIInterfaceOrientationLandscapeRight";
				LD_RUNPATH_SEARCH_PATHS = (
					"$(inherited)",
					"@executable_path/Frameworks",
				);
				MARKETING_VERSION = 2026.0.10;
				PRODUCT_BUNDLE_IDENTIFIER = com.applevis.AppleVisSwift;
				PRODUCT_NAME = "$(TARGET_NAME)";
				STRING_CATALOG_GENERATE_SYMBOLS = YES;
				SWIFT_APPROACHABLE_CONCURRENCY = YES;
				SWIFT_DEFAULT_ACTOR_ISOLATION = MainActor;
				SWIFT_EMIT_LOC_STRINGS = YES;
				SWIFT_UPCOMING_FEATURE_MEMBER_IMPORT_VISIBILITY = YES;
				SWIFT_VERSION = 5.0;
				TARGETED_DEVICE_FAMILY = "1,2";
			};
			name = Debug;
		};
		E92FCDD330085E4A006E2C72 /* Release */ = {
			isa = XCBuildConfiguration;
			buildSettings = {
				ASSETCATALOG_COMPILER_APPICON_NAME = AppIcon;
				ASSETCATALOG_COMPILER_GLOBAL_ACCENT_COLOR_NAME = AccentColor;
				CODE_SIGN_ENTITLEMENTS = AppleVis.entitlements;
				CODE_SIGN_STYLE = Automatic;
				CURRENT_PROJECT_VERSION = 15;
				DEVELOPMENT_TEAM = 97YM8TUSX8;
				ENABLE_PREVIEWS = YES;
				GENERATE_INFOPLIST_FILE = YES;
				INFOPLIST_FILE = "AppleVis-Info.plist";
				INFOPLIST_KEY_CFBundleDisplayName = AppleVis;
				INFOPLIST_KEY_UIApplicationSceneManifest_Generation = YES;
				INFOPLIST_KEY_UIApplicationSupportsIndirectInputEvents = YES;
				INFOPLIST_KEY_UILaunchScreen_Generation = YES;
				INFOPLIST_KEY_UISupportedInterfaceOrientations_iPad = "UIInterfaceOrientationPortrait UIInterfaceOrientationPortraitUpsideDown UIInterfaceOrientationLandscapeLeft UIInterfaceOrientationLandscapeRight";
				INFOPLIST_KEY_UISupportedInterfaceOrientations_iPhone = "UIInterfaceOrientationPortrait UIInterfaceOrientationLandscapeLeft UIInterfaceOrientationLandscapeRight";
				LD_RUNPATH_SEARCH_PATHS = (
					"$(inherited)",
					"@executable_path/Frameworks",
				);
				MARKETING_VERSION = 2026.0.10;
				PRODUCT_BUNDLE_IDENTIFIER = com.applevis.AppleVisSwift;
				PRODUCT_NAME = "$(TARGET_NAME)";
				STRING_CATALOG_GENERATE_SYMBOLS = YES;
				SWIFT_APPROACHABLE_CONCURRENCY = YES;
				SWIFT_DEFAULT_ACTOR_ISOLATION = MainActor;
				SWIFT_EMIT_LOC_STRINGS = YES;
				SWIFT_UPCOMING_FEATURE_MEMBER_IMPORT_VISIBILITY = YES;
				SWIFT_VERSION = 5.0;
				TARGETED_DEVICE_FAMILY = "1,2";
			};
			name = Release;
		};
/* End XCBuildConfiguration section */

/* Begin XCConfigurationList section */
		141812D594A6F4BAE8A33A95 /* Build configuration list for PBXNativeTarget "AppleVisUITests" */ = {
			isa = XCConfigurationList;
			buildConfigurations = (
				292DAE86F10CADE6480899DD /* Release */,
				4B8338396E2EC150A63D09CE /* Debug */,
			);
			defaultConfigurationIsVisible = 0;
			defaultConfigurationName = Release;
		};
		5740F919517D6B147220D854 /* Build configuration list for PBXNativeTarget "AppleVisTests" */ = {
			isa = XCConfigurationList;
			buildConfigurations = (
				0210651F8F21CFE95381B461 /* Release */,
				B00CF6D346331F0C751D45FB /* Debug */,
			);
			defaultConfigurationIsVisible = 0;
			defaultConfigurationName = Release;
		};
		BFBFCAC965141C3E5D017852 /* Build configuration list for PBXNativeTarget "AppleVisShareExtension" */ = {
			isa = XCConfigurationList;
			buildConfigurations = (
				1B54EE61C81E744D98830F8D /* Debug */,
				DA0B826AE47704E64611BC73 /* Release */,
			);
			defaultConfigurationIsVisible = 0;
			defaultConfigurationName = Release;
		};
		E92FCDC130085E49006E2C72 /* Build configuration list for PBXProject "AppleVis" */ = {
			isa = XCConfigurationList;
			buildConfigurations = (
				E92FCDCF30085E4A006E2C72 /* Debug */,
				E92FCDD030085E4A006E2C72 /* Release */,
			);
			defaultConfigurationIsVisible = 0;
			defaultConfigurationName = Release;
		};
		E92FCDD130085E4A006E2C72 /* Build configuration list for PBXNativeTarget "AppleVis" */ = {
			isa = XCConfigurationList;
			buildConfigurations = (
				E92FCDD230085E4A006E2C72 /* Debug */,
				E92FCDD330085E4A006E2C72 /* Release */,
			);
			defaultConfigurationIsVisible = 0;
			defaultConfigurationName = Release;
		};
/* End XCConfigurationList section */
	};
	rootObject = E92FCDBE30085E49006E2C72 /* Project object */;
}
